{
    "_readme": [
        "This file locks the dependencies of your project to a known state",
        "Read more about it at https://getcomposer.org/doc/01-basic-usage.md#installing-dependencies",
        "This file is @generated automatically"
    ],
    "content-hash": "800484da58a8a28ee11cac239be45fe6",
    "packages": [
        {
            "name": "geerlingguy/drupal-vm",
            "version": "5.2.0",
            "source": {
                "type": "git",
                "url": "https://github.com/geerlingguy/drupal-vm.git",
                "reference": "f8bb9218f068994f731647997c7ace195f6ee193"
            },
            "dist": {
                "type": "zip",
                "url": "https://api.github.com/repos/geerlingguy/drupal-vm/zipball/f8bb9218f068994f731647997c7ace195f6ee193",
                "reference": "f8bb9218f068994f731647997c7ace195f6ee193",
                "shasum": ""
            },
            "type": "vm",
            "notification-url": "https://packagist.org/downloads/",
            "license": [
                "MIT"
            ],
            "authors": [
                {
                    "name": "Jeff Geerling",
                    "homepage": "https://www.jeffgeerling.com"
                },
                {
                    "name": "Oskar Schöldström",
                    "homepage": "http://oxy.fi"
                }
            ],
            "description": "A VM for local Drupal development, built with Vagrant + Ansible",
            "homepage": "https://www.drupalvm.com",
            "keywords": [
                "drupal",
                "vagrant",
                "virtual machine",
                "vm"
            ],
            "funding": [
                {
                    "url": "https://github.com/geerlingguy",
                    "type": "github"
                },
                {
                    "url": "https://www.patreon.com/geerlingguy",
                    "type": "patreon"
                }
            ],
            "time": "2020-03-20T19:32:20+00:00"
        }
    ],
    "packages-dev": [],
    "aliases": [],
    "minimum-stability": "dev",
    "stability-flags": [],
    "prefer-stable": true,
    "prefer-lowest": false,
    "platform": [],
    "platform-dev": [],
    "plugin-api-version": "1.1.0"
}
